DEPENDENCIES
  pm2
    path: .
    metadata: true
  pm2_application
    path: test/cookbooks/pm2_application

GRAPH
  7-zip (1.0.2)
    windows (>= 1.2.2)
  apt (2.7.0)
  ark (0.9.0)
    7-zip (>= 0.0.0)
    windows (>= 0.0.0)
  build-essential (2.2.2)
  chef_handler (1.1.6)
  homebrew (1.12.0)
    build-essential (>= 2.1.2)
  nodejs (2.4.0)
    apt (>= 0.0.0)
    ark (>= 0.0.0)
    build-essential (>= 0.0.0)
    homebrew (>= 0.0.0)
    yum-epel (>= 0.0.0)
  pm2 (0.2.0)
    nodejs (~> 2.4.0)
  pm2_application (0.0.0)
    pm2 (>= 0.0.0)
  windows (1.36.6)
    chef_handler (>= 0.0.0)
  yum (3.5.4)
  yum-epel (0.6.0)
    yum (~> 3.0)
